
Microsoft Visual Studio Solution File, Format Version 12.00
# Visual Studio 15
VisualStudioVersion = 15.0.27428.2037
MinimumVisualStudioVersion = 10.0.40219.1
Project("{FAE04EC0-301F-11D3-BF4B-00C04F79EFBC}") = "TimerWithReminder", "TimerWithReminder\TimerWithReminder.csproj", "{D01E1FC8-7E04-43CC-BCE6-61D3965B0A91}"
EndProject
Global
	GlobalSection(SolutionConfigurationPlatforms) = preSolution
		Debug|Any CPU = Debug|Any CPU
		Release|Any CPU = Release|Any CPU
	EndGlobalSection
	GlobalSection(ProjectConfigurationPlatforms) = postSolution
		{D01E1FC8-7E04-43CC-BCE6-61D3965B0A91}.Debug|Any CPU.ActiveCfg = Debug|Any CPU
		{D01E1FC8-7E04-43CC-BCE6-61D3965B0A91}.Debug|Any CPU.Build.0 = Debug|Any CPU
		{D01E1FC8-7E04-43CC-BCE6-61D3965B0A91}.Release|Any CPU.ActiveCfg = Release|Any CPU
		{D01E1FC8-7E04-43CC-BCE6-61D3965B0A91}.Release|Any CPU.Build.0 = Release|Any CPU
	EndGlobalSection
	GlobalSection(SolutionProperties) = preSolution
		HideSolutionNode = FALSE
	EndGlobalSection
	GlobalSection(ExtensibilityGlobals) = postSolution
		SolutionGuid = {FE6C7D24-E804-45D2-BADF-12D3E7A68552}
	EndGlobalSection
EndGlobal
